
Microsoft Visual Studio Solution File, Format Version 12.00
# Visual Studio 15
VisualStudioVersion = 15.0.27004.2008
MinimumVisualStudioVersion = 10.0.40219.1
Project("{FAE04EC0-301F-11D3-BF4B-00C04F79EFBC}") = "WishMeAList", "WishMeAList\WishMeAList.csproj", "{16944A90-B267-4F74-A5A3-93057500BC76}"
EndProject
Global
	GlobalSection(SolutionConfigurationPlatforms) = preSolution
		Debug|ARM = Debug|ARM
		Debug|x64 = Debug|x64
		Debug|x86 = Debug|x86
		Release|ARM = Release|ARM
		Release|x64 = Release|x64
		Release|x86 = Release|x86
	EndGlobalSection
	GlobalSection(ProjectConfigurationPlatforms) = postSolution
		{16944A90-B267-4F74-A5A3-93057500BC76}.Debug|ARM.ActiveCfg = Debug|ARM
		{16944A90-B267-4F74-A5A3-93057500BC76}.Debug|ARM.Build.0 = Debug|ARM
		{16944A90-B267-4F74-A5A3-93057500BC76}.Debug|ARM.Deploy.0 = Debug|ARM
		{16944A90-B267-4F74-A5A3-93057500BC76}.Debug|x64.ActiveCfg = Debug|x64
		{16944A90-B267-4F74-A5A3-93057500BC76}.Debug|x64.Build.0 = Debug|x64
		{16944A90-B267-4F74-A5A3-93057500BC76}.Debug|x64.Deploy.0 = Debug|x64
		{16944A90-B267-4F74-A5A3-93057500BC76}.Debug|x86.ActiveCfg = Debug|x86
		{16944A90-B267-4F74-A5A3-93057500BC76}.Debug|x86.Build.0 = Debug|x86
		{16944A90-B267-4F74-A5A3-93057500BC76}.Debug|x86.Deploy.0 = Debug|x86
		{16944A90-B267-4F74-A5A3-93057500BC76}.Release|ARM.ActiveCfg = Release|ARM
		{16944A90-B267-4F74-A5A3-93057500BC76}.Release|ARM.Build.0 = Release|ARM
		{16944A90-B267-4F74-A5A3-93057500BC76}.Release|ARM.Deploy.0 = Release|ARM
		{16944A90-B267-4F74-A5A3-93057500BC76}.Release|x64.ActiveCfg = Release|x64
		{16944A90-B267-4F74-A5A3-93057500BC76}.Release|x64.Build.0 = Release|x64
		{16944A90-B267-4F74-A5A3-93057500BC76}.Release|x64.Deploy.0 = Release|x64
		{16944A90-B267-4F74-A5A3-93057500BC76}.Release|x86.ActiveCfg = Release|x86
		{16944A90-B267-4F74-A5A3-93057500BC76}.Release|x86.Build.0 = Release|x86
		{16944A90-B267-4F74-A5A3-93057500BC76}.Release|x86.Deploy.0 = Release|x86
	EndGlobalSection
	GlobalSection(SolutionProperties) = preSolution
		HideSolutionNode = FALSE
	EndGlobalSection
	GlobalSection(ExtensibilityGlobals) = postSolution
		SolutionGuid = {81BD8CF3-51A7-4623-AC57-011F532BF459}
	EndGlobalSection
EndGlobal
